<?xml version="1.0" encoding="utf-8"?>
<Project ToolsVersion="17.0" xmlns="http://schemas.microsoft.com/developer/msbuild/2003">
  <ItemGroup>
    <ClCompile Include="..\common\Random.cpp">
      <Filter>src\common</Filter>
    </ClCompile>
    <ClCompile Include="..\game_shared\bot\bot_profile.cpp">
      <Filter>src\game_shared\bot</Filter>
    </ClCompile>
    <ClCompile Include="..\game_shared\shared_util.cpp">
      <Filter>src\game_shared</Filter>
    </ClCompile>
    <ClCompile Include="..\public\interface.cpp">
      <Filter>src\public</Filter>
    </ClCompile>
    <ClCompile Include="..\GameUI\BackgroundMenuButton.cpp">
      <Filter>src\GameUI</Filter>
    </ClCompile>
    <ClCompile Include="..\GameUI\BasePanel.cpp">
      <Filter>src\GameUI</Filter>
    </ClCompile>
    <ClCompile Include="..\GameUI\BitmapButton.cpp">
      <Filter>src\GameUI</Filter>
    </ClCompile>
    <ClCompile Include="..\GameUI\BitmapImagePanel.cpp">
      <Filter>src\GameUI</Filter>
    </ClCompile>
    <ClCompile Include="..\GameUI\CareerBaseFrame.cpp">
      <Filter>src\GameUI</Filter>
    </ClCompile>
    <ClCompile Include="..\GameUI\CareerBox.cpp">
      <Filter>src\GameUI</Filter>
    </ClCompile>
    <ClCompile Include="..\GameUI\CareerGame.cpp">
      <Filter>src\GameUI</Filter>
    </ClCompile>
    <ClCompile Include="..\GameUI\CareerGameTasks.cpp">
      <Filter>src\GameUI</Filter>
    </ClCompile>
    <ClCompile Include="..\GameUI\CareerMapFrame.cpp">
      <Filter>src\GameUI</Filter>
    </ClCompile>
    <ClCompile Include="..\GameUI\CareerProfile.cpp">
      <Filter>src\GameUI</Filter>
    </ClCompile>
    <ClCompile Include="..\GameUI\CareerProfileFrame.cpp">
      <Filter>src\GameUI</Filter>
    </ClCompile>
    <ClCompile Include="..\GameUI\CDKeyEntryDialog.cpp">
      <Filter>src\GameUI</Filter>
    </ClCompile>
    <ClCompile Include="..\GameUI\CommandCheckButton.cpp">
      <Filter>src\GameUI</Filter>
    </ClCompile>
    <ClCompile Include="..\GameUI\ContentControlDialog.cpp">
      <Filter>src\GameUI</Filter>
    </ClCompile>
    <ClCompile Include="..\GameUI\CreateMultiplayerGameBotPage.cpp">
      <Filter>src\GameUI</Filter>
    </ClCompile>
    <ClCompile Include="..\GameUI\CreateMultiplayerGameDialog.cpp">
      <Filter>src\GameUI</Filter>
    </ClCompile>
    <ClCompile Include="..\GameUI\CreateMultiplayerGameGameplayPage.cpp">
      <Filter>src\GameUI</Filter>
    </ClCompile>
    <ClCompile Include="..\GameUI\CreateMultiplayerGameServerPage.cpp">
      <Filter>src\GameUI</Filter>
    </ClCompile>
    <ClCompile Include="..\GameUI\CvarLatch.cpp">
      <Filter>src\GameUI</Filter>
    </ClCompile>
    <ClCompile Include="..\GameUI\CvarNegateCheckButton.cpp">
      <Filter>src\GameUI</Filter>
    </ClCompile>
    <ClCompile Include="..\GameUI\CvarSlider.cpp">
      <Filter>src\GameUI</Filter>
    </ClCompile>
    <ClCompile Include="..\GameUI\CvarTextEntry.cpp">
      <Filter>src\GameUI</Filter>
    </ClCompile>
    <ClCompile Include="..\GameUI\CvarToggleCheckButton.cpp">
      <Filter>src\GameUI</Filter>
    </ClCompile>
    <ClCompile Include="..\GameUI\DottedLabel.cpp">
      <Filter>src\GameUI</Filter>
    </ClCompile>
    <ClCompile Include="..\GameUI\GameConsole.cpp">
      <Filter>src\GameUI</Filter>
    </ClCompile>
    <ClCompile Include="..\GameUI\GameConsoleDialog.cpp">
      <Filter>src\GameUI</Filter>
    </ClCompile>
    <ClCompile Include="..\GameUI\GameUI_Interface.cpp">
      <Filter>src\GameUI</Filter>
    </ClCompile>
    <ClCompile Include="..\GameUI\HelpDialog.cpp">
      <Filter>src\GameUI</Filter>
    </ClCompile>
    <ClCompile Include="..\GameUI\ImageButton.cpp">
      <Filter>src\GameUI</Filter>
    </ClCompile>
    <ClCompile Include="..\GameUI\KeyToggleCheckButton.cpp">
      <Filter>src\GameUI</Filter>
    </ClCompile>
    <ClCompile Include="..\GameUI\LabeledCommandComboBox.cpp">
      <Filter>src\GameUI</Filter>
    </ClCompile>
    <ClCompile Include="..\GameUI\labelslidercombo.cpp">
      <Filter>src\GameUI</Filter>
    </ClCompile>
    <ClCompile Include="..\GameUI\LoadGameDialog.cpp">
      <Filter>src\GameUI</Filter>
    </ClCompile>
    <ClCompile Include="..\GameUI\LoadingDialog.cpp">
      <Filter>src\GameUI</Filter>
    </ClCompile>
    <ClCompile Include="..\GameUI\LogoFile.cpp">
      <Filter>src\GameUI</Filter>
    </ClCompile>
    <ClCompile Include="..\GameUI\ModInfo.cpp">
      <Filter>src\GameUI</Filter>
    </ClCompile>
    <ClCompile Include="..\GameUI\MultiplayerAdvancedDialog.cpp">
      <Filter>src\GameUI</Filter>
    </ClCompile>
    <ClCompile Include="..\GameUI\MusicManager.cpp">
      <Filter>src\GameUI</Filter>
    </ClCompile>
    <ClCompile Include="..\GameUI\NewGameDialog.cpp">
      <Filter>src\GameUI</Filter>
    </ClCompile>
    <ClCompile Include="..\GameUI\OptionsDialog.cpp">
      <Filter>src\GameUI</Filter>
    </ClCompile>
    <ClCompile Include="..\GameUI\OptionsSubAdvanced.cpp">
      <Filter>src\GameUI</Filter>
    </ClCompile>
    <ClCompile Include="..\GameUI\OptionsSubAudio.cpp">
      <Filter>src\GameUI</Filter>
    </ClCompile>
    <ClCompile Include="..\GameUI\OptionsSubKeyboard.cpp">
      <Filter>src\GameUI</Filter>
    </ClCompile>
    <ClCompile Include="..\GameUI\OptionsSubMouse.cpp">
      <Filter>src\GameUI</Filter>
    </ClCompile>
    <ClCompile Include="..\GameUI\OptionsSubMultiplayer.cpp">
      <Filter>src\GameUI</Filter>
    </ClCompile>
    <ClCompile Include="..\GameUI\OptionsSubVideo.cpp">
      <Filter>src\GameUI</Filter>
    </ClCompile>
    <ClCompile Include="..\GameUI\OptionsSubVoice.cpp">
      <Filter>src\GameUI</Filter>
    </ClCompile>
    <ClCompile Include="..\GameUI\PanelListPanel.cpp">
      <Filter>src\GameUI</Filter>
    </ClCompile>
    <ClCompile Include="..\GameUI\PlayerListDialog.cpp">
      <Filter>src\GameUI</Filter>
    </ClCompile>
    <ClCompile Include="..\GameUI\RefreshSteamLogin.cpp">
      <Filter>src\GameUI</Filter>
    </ClCompile>
    <ClCompile Include="..\GameUI\RunGameEngine.cpp">
      <Filter>src\GameUI</Filter>
    </ClCompile>
    <ClCompile Include="..\GameUI\SaveGameDialog.cpp">
      <Filter>src\GameUI</Filter>
    </ClCompile>
    <ClCompile Include="..\GameUI\ScriptObject.cpp">
      <Filter>src\GameUI</Filter>
    </ClCompile>
    <ClCompile Include="..\GameUI\Sys_Utils.cpp">
      <Filter>src\GameUI</Filter>
    </ClCompile>
    <ClCompile Include="..\GameUI\TaskButton.cpp">
      <Filter>src\GameUI</Filter>
    </ClCompile>
    <ClCompile Include="..\GameUI\Taskbar.cpp">
      <Filter>src\GameUI</Filter>
    </ClCompile>
    <ClCompile Include="..\GameUI\TextEntryBox.cpp">
      <Filter>src\GameUI</Filter>
    </ClCompile>
    <ClCompile Include="..\GameUI\vcontrolslistpanel.cpp">
      <Filter>src\GameUI</Filter>
    </ClCompile>
    <ClCompile Include="..\GameUI\VGuiSystemModuleLoader.cpp">
      <Filter>src\GameUI</Filter>
    </ClCompile>
    <ClCompile Include="..\common\randoverride.cpp">
      <Filter>src\common</Filter>
    </ClCompile>
    <ClCompile Include="..\public\FileSystem_Helpers.cpp">
      <Filter>src\public</Filter>
    </ClCompile>
    <ClCompile Include="..\public\tier0\memoverride.cpp">
      <Filter>src\public\tier0</Filter>
    </ClCompile>
  </ItemGroup>
  <ItemGroup>
    <ClInclude Include="..\common\BaseUI\IBaseUI.h">
      <Filter>src\common\BaseUI</Filter>
    </ClInclude>
    <ClInclude Include="..\common\GameUI\ICareerUI.h">
      <Filter>src\common\GameUI</Filter>
    </ClInclude>
    <ClInclude Include="..\common\GameUI\IClientVGUI.h">
      <Filter>src\common\GameUI</Filter>
    </ClInclude>
    <ClInclude Include="..\common\GameUI\IGameConsole.h">
      <Filter>src\common\GameUI</Filter>
    </ClInclude>
    <ClInclude Include="..\common\GameUI\IGameUI.h">
      <Filter>src\common\GameUI</Filter>
    </ClInclude>
    <ClInclude Include="..\common\GameUI\IMusicManager.h">
      <Filter>src\common\GameUI</Filter>
    </ClInclude>
    <ClInclude Include="..\common\ServerBrowser\IServerBrowser.h">
      <Filter>src\common\ServerBrowser</Filter>
    </ClInclude>
    <ClInclude Include="..\common\IRunGameEngine.h">
      <Filter>src\common</Filter>
    </ClInclude>
    <ClInclude Include="..\common\IVGuiModule.h">
      <Filter>src\common</Filter>
    </ClInclude>
    <ClInclude Include="..\common\IVGuiModuleLoader.h">
      <Filter>src\common</Filter>
    </ClInclude>
    <ClInclude Include="..\common\port.h">
      <Filter>src\common</Filter>
    </ClInclude>
    <ClInclude Include="..\common\Random.h">
      <Filter>src\common</Filter>
    </ClInclude>
    <ClInclude Include="..\cstrike\dlls\weapontype.h">
      <Filter>src\cstrike\dlls</Filter>
    </ClInclude>
    <ClInclude Include="..\game_shared\bot\bot_profile.h">
      <Filter>src\game_shared\bot</Filter>
    </ClInclude>
    <ClInclude Include="..\game_shared\shared_util.h">
      <Filter>src\game_shared</Filter>
    </ClInclude>
    <ClInclude Include="..\game_shared\simple_checksum.h">
      <Filter>src\game_shared</Filter>
    </ClInclude>
    <ClInclude Include="..\public\steam\friends\IFriendsUser.h">
      <Filter>src\public\steam\friends</Filter>
    </ClInclude>
    <ClInclude Include="..\public\igameuifuncs.h">
      <Filter>src\public</Filter>
    </ClInclude>
    <ClInclude Include="..\public\interface.h">
      <Filter>src\public</Filter>
    </ClInclude>
    <ClInclude Include="..\public\savegame_version.h">
      <Filter>src\public</Filter>
    </ClInclude>
    <ClInclude Include="..\GameUI\BackgroundMenuButton.h">
      <Filter>src\GameUI</Filter>
    </ClInclude>
    <ClInclude Include="..\GameUI\BasePanel.h">
      <Filter>src\GameUI</Filter>
    </ClInclude>
    <ClInclude Include="..\GameUI\BitmapButton.h">
      <Filter>src\GameUI</Filter>
    </ClInclude>
    <ClInclude Include="..\GameUI\BitmapImagePanel.h">
      <Filter>src\GameUI</Filter>
    </ClInclude>
    <ClInclude Include="..\GameUI\CareerBaseFrame.h">
      <Filter>src\GameUI</Filter>
    </ClInclude>
    <ClInclude Include="..\GameUI\CareerBox.h">
      <Filter>src\GameUI</Filter>
    </ClInclude>
    <ClInclude Include="..\GameUI\CareerGame.h">
      <Filter>src\GameUI</Filter>
    </ClInclude>
    <ClInclude Include="..\GameUI\CareerGameTasks.h">
      <Filter>src\GameUI</Filter>
    </ClInclude>
    <ClInclude Include="..\GameUI\CareerMapFrame.h">
      <Filter>src\GameUI</Filter>
    </ClInclude>
    <ClInclude Include="..\GameUI\CareerProfile.h">
      <Filter>src\GameUI</Filter>
    </ClInclude>
    <ClInclude Include="..\GameUI\CareerProfileFrame.h">
      <Filter>src\GameUI</Filter>
    </ClInclude>
    <ClInclude Include="..\GameUI\CDKeyEntryDialog.h">
      <Filter>src\GameUI</Filter>
    </ClInclude>
    <ClInclude Include="..\GameUI\CommandCheckButton.h">
      <Filter>src\GameUI</Filter>
    </ClInclude>
    <ClInclude Include="..\GameUI\ContentControlDialog.h">
      <Filter>src\GameUI</Filter>
    </ClInclude>
    <ClInclude Include="..\GameUI\CreateMultiplayerGameBotPage.h">
      <Filter>src\GameUI</Filter>
    </ClInclude>
    <ClInclude Include="..\GameUI\CreateMultiplayerGameDialog.h">
      <Filter>src\GameUI</Filter>
    </ClInclude>
    <ClInclude Include="..\GameUI\CreateMultiplayerGameGameplayPage.h">
      <Filter>src\GameUI</Filter>
    </ClInclude>
    <ClInclude Include="..\GameUI\CreateMultiplayerGameServerPage.h">
      <Filter>src\GameUI</Filter>
    </ClInclude>
    <ClInclude Include="..\GameUI\CvarLatch.h">
      <Filter>src\GameUI</Filter>
    </ClInclude>
    <ClInclude Include="..\GameUI\CvarNegateCheckButton.h">
      <Filter>src\GameUI</Filter>
    </ClInclude>
    <ClInclude Include="..\GameUI\CvarSlider.h">
      <Filter>src\GameUI</Filter>
    </ClInclude>
    <ClInclude Include="..\GameUI\CvarTextEntry.h">
      <Filter>src\GameUI</Filter>
    </ClInclude>
    <ClInclude Include="..\GameUI\CvarToggleCheckButton.h">
      <Filter>src\GameUI</Filter>
    </ClInclude>
    <ClInclude Include="..\GameUI\DottedLabel.h">
      <Filter>src\GameUI</Filter>
    </ClInclude>
    <ClInclude Include="..\GameUI\EngineInterface.h">
      <Filter>src\GameUI</Filter>
    </ClInclude>
    <ClInclude Include="..\GameUI\GameConsole.h">
      <Filter>src\GameUI</Filter>
    </ClInclude>
    <ClInclude Include="..\GameUI\GameConsoleDialog.h">
      <Filter>src\GameUI</Filter>
    </ClInclude>
    <ClInclude Include="..\GameUI\GameUI_Interface.h">
      <Filter>src\GameUI</Filter>
    </ClInclude>
    <ClInclude Include="..\GameUI\HelpDialog.h">
      <Filter>src\GameUI</Filter>
    </ClInclude>
    <ClInclude Include="..\GameUI\ImageButton.h">
      <Filter>src\GameUI</Filter>
    </ClInclude>
    <ClInclude Include="..\GameUI\KeyToggleCheckButton.h">
      <Filter>src\GameUI</Filter>
    </ClInclude>
    <ClInclude Include="..\GameUI\LabeledCommandComboBox.h">
      <Filter>src\GameUI</Filter>
    </ClInclude>
    <ClInclude Include="..\GameUI\labelslidercombo.h">
      <Filter>src\GameUI</Filter>
    </ClInclude>
    <ClInclude Include="..\GameUI\LoadGameDialog.h">
      <Filter>src\GameUI</Filter>
    </ClInclude>
    <ClInclude Include="..\GameUI\LoadingDialog.h">
      <Filter>src\GameUI</Filter>
    </ClInclude>
    <ClInclude Include="..\GameUI\LogoFile.h">
      <Filter>src\GameUI</Filter>
    </ClInclude>
    <ClInclude Include="..\GameUI\ModInfo.h">
      <Filter>src\GameUI</Filter>
    </ClInclude>
    <ClInclude Include="..\GameUI\MultiplayerAdvancedDialog.h">
      <Filter>src\GameUI</Filter>
    </ClInclude>
    <ClInclude Include="..\GameUI\MusicManager.h">
      <Filter>src\GameUI</Filter>
    </ClInclude>
    <ClInclude Include="..\GameUI\NewGameDialog.h">
      <Filter>src\GameUI</Filter>
    </ClInclude>
    <ClInclude Include="..\GameUI\OptionsDialog.h">
      <Filter>src\GameUI</Filter>
    </ClInclude>
    <ClInclude Include="..\GameUI\OptionsSubAdvanced.h">
      <Filter>src\GameUI</Filter>
    </ClInclude>
    <ClInclude Include="..\GameUI\OptionsSubAudio.h">
      <Filter>src\GameUI</Filter>
    </ClInclude>
    <ClInclude Include="..\GameUI\OptionsSubKeyboard.h">
      <Filter>src\GameUI</Filter>
    </ClInclude>
    <ClInclude Include="..\GameUI\OptionsSubMouse.h">
      <Filter>src\GameUI</Filter>
    </ClInclude>
    <ClInclude Include="..\GameUI\OptionsSubMultiplayer.h">
      <Filter>src\GameUI</Filter>
    </ClInclude>
    <ClInclude Include="..\GameUI\OptionsSubVideo.h">
      <Filter>src\GameUI</Filter>
    </ClInclude>
    <ClInclude Include="..\GameUI\OptionsSubVoice.h">
      <Filter>src\GameUI</Filter>
    </ClInclude>
    <ClInclude Include="..\GameUI\PanelListPanel.h">
      <Filter>src\GameUI</Filter>
    </ClInclude>
    <ClInclude Include="..\GameUI\PlayerListDialog.h">
      <Filter>src\GameUI</Filter>
    </ClInclude>
    <ClInclude Include="..\GameUI\RefreshSteamLogin.h">
      <Filter>src\GameUI</Filter>
    </ClInclude>
    <ClInclude Include="..\GameUI\RunGameEngine.h">
      <Filter>src\GameUI</Filter>
    </ClInclude>
    <ClInclude Include="..\GameUI\SaveGameDialog.h">
      <Filter>src\GameUI</Filter>
    </ClInclude>
    <ClInclude Include="..\GameUI\ScriptObject.h">
      <Filter>src\GameUI</Filter>
    </ClInclude>
    <ClInclude Include="..\GameUI\Sys_Utils.h">
      <Filter>src\GameUI</Filter>
    </ClInclude>
    <ClInclude Include="..\GameUI\TaskButton.h">
      <Filter>src\GameUI</Filter>
    </ClInclude>
    <ClInclude Include="..\GameUI\Taskbar.h">
      <Filter>src\GameUI</Filter>
    </ClInclude>
    <ClInclude Include="..\GameUI\taskframe.h">
      <Filter>src\GameUI</Filter>
    </ClInclude>
    <ClInclude Include="..\GameUI\TextEntryBox.h">
      <Filter>src\GameUI</Filter>
    </ClInclude>
    <ClInclude Include="..\GameUI\vcontrolslistpanel.h">
      <Filter>src\GameUI</Filter>
    </ClInclude>
    <ClInclude Include="..\GameUI\VGuiSystemModuleLoader.h">
      <Filter>src\GameUI</Filter>
    </ClInclude>
    <ClInclude Include="..\common\ifilesystemopendialog.h">
      <Filter>src\common</Filter>
    </ClInclude>
    <ClInclude Include="..\common\xbox\xboxstubs.h">
      <Filter>src\common\xbox</Filter>
    </ClInclude>
    <ClInclude Include="..\public\basetypes.h">
      <Filter>src\public</Filter>
    </ClInclude>
    <ClInclude Include="..\public\commonmacros.h">
      <Filter>src\public</Filter>
    </ClInclude>
    <ClInclude Include="..\public\coordsize.h">
      <Filter>src\public</Filter>
    </ClInclude>
    <ClInclude Include="..\public\datamap.h">
      <Filter>src\public</Filter>
    </ClInclude>
    <ClInclude Include="..\public\FileSystem_Helpers.h">
      <Filter>src\public</Filter>
    </ClInclude>
    <ClInclude Include="..\public\ICVar.h">
      <Filter>src\public</Filter>
    </ClInclude>
    <ClInclude Include="..\public\mathlib.h">
      <Filter>src\public</Filter>
    </ClInclude>
    <ClInclude Include="..\public\OfflineMode.h">
      <Filter>src\public</Filter>
    </ClInclude>
    <ClInclude Include="..\public\SDK_Color.h">
      <Filter>src\public</Filter>
    </ClInclude>
    <ClInclude Include="..\public\Vector.h">
      <Filter>src\public</Filter>
    </ClInclude>
    <ClInclude Include="..\public\Vector2D.h">
      <Filter>src\public</Filter>
    </ClInclude>
    <ClInclude Include="..\public\winlite.h">
      <Filter>src\public</Filter>
    </ClInclude>
    <ClInclude Include="..\public\worldsize.h">
      <Filter>src\public</Filter>
    </ClInclude>
    <ClInclude Include="..\public\appframework\AppFramework.h">
      <Filter>src\public\appframework</Filter>
    </ClInclude>
    <ClInclude Include="..\public\appframework\IAppSystem.h">
      <Filter>src\public\appframework</Filter>
    </ClInclude>
    <ClInclude Include="..\public\appframework\IAppSystemGroup.h">
      <Filter>src\public\appframework</Filter>
    </ClInclude>
    <ClInclude Include="..\public\appframework\VguiMatSysApp.h">
      <Filter>src\public\appframework</Filter>
    </ClInclude>
    <ClInclude Include="..\public\bitmap\Bitmap.h">
      <Filter>src\public\bitmap</Filter>
    </ClInclude>
    <ClInclude Include="..\public\bitmap\Float_BM.h">
      <Filter>src\public\bitmap</Filter>
    </ClInclude>
    <ClInclude Include="..\public\bitmap\ImageFormat.h">
      <Filter>src\public\bitmap</Filter>
    </ClInclude>
    <ClInclude Include="..\public\bitmap\PSD.h">
      <Filter>src\public\bitmap</Filter>
    </ClInclude>
    <ClInclude Include="..\public\bitmap\TGALoader.h">
      <Filter>src\public\bitmap</Filter>
    </ClInclude>
    <ClInclude Include="..\public\bitmap\TGAWriter.h">
      <Filter>src\public\bitmap</Filter>
    </ClInclude>
    <ClInclude Include="..\public\html\htmlmessages.h">
      <Filter>src\public\html</Filter>
    </ClInclude>
    <ClInclude Include="..\public\html\ichromehtmlwrapper.h">
      <Filter>src\public\html</Filter>
    </ClInclude>
    <ClInclude Include="..\public\html\ihtmlchrome.h">
      <Filter>src\public\html</Filter>
    </ClInclude>
    <ClInclude Include="..\public\html\ihtmlserializer.h">
      <Filter>src\public\html</Filter>
    </ClInclude>
    <ClInclude Include="..\public\html\ipainthtml.h">
      <Filter>src\public\html</Filter>
    </ClInclude>
    <ClInclude Include="..\public\mathlib\halton.h">
      <Filter>src\public\mathlib</Filter>
    </ClInclude>
    <ClInclude Include="..\public\mathlib\lightdesc.h">
      <Filter>src\public\mathlib</Filter>
    </ClInclude>
    <ClInclude Include="..\public\mathlib\math_base.h">
      <Filter>src\public\mathlib</Filter>
    </ClInclude>
    <ClInclude Include="..\public\mathlib\ssemath.h">
      <Filter>src\public\mathlib</Filter>
    </ClInclude>
    <ClInclude Include="..\public\tier0\basetypes.h">
      <Filter>src\public\tier0</Filter>
    </ClInclude>
    <ClInclude Include="..\public\tier0\commonmacros.h">
      <Filter>src\public\tier0</Filter>
    </ClInclude>
    <ClInclude Include="..\public\tier0\dbg.h">
      <Filter>src\public\tier0</Filter>
    </ClInclude>
    <ClInclude Include="..\public\tier0\dbgflag.h">
      <Filter>src\public\tier0</Filter>
    </ClInclude>
    <ClInclude Include="..\public\tier0\eventmasks.h">
      <Filter>src\public\tier0</Filter>
    </ClInclude>
    <ClInclude Include="..\public\tier0\eventmodes.h">
      <Filter>src\public\tier0</Filter>
    </ClInclude>
    <ClInclude Include="..\public\tier0\fasttimer.h">
      <Filter>src\public\tier0</Filter>
    </ClInclude>
    <ClInclude Include="..\public\tier0\ia32detect.h">
      <Filter>src\public\tier0</Filter>
    </ClInclude>
    <ClInclude Include="..\public\tier0\icommandline.h">
      <Filter>src\public\tier0</Filter>
    </ClInclude>
    <ClInclude Include="..\public\tier0\ioctlcodes.h">
      <Filter>src\public\tier0</Filter>
    </ClInclude>
    <ClInclude Include="..\public\tier0\k8performancecounters.h">
      <Filter>src\public\tier0</Filter>
    </ClInclude>
    <ClInclude Include="..\public\tier0\l2cache.h">
      <Filter>src\public\tier0</Filter>
    </ClInclude>
    <ClInclude Include="..\public\tier0\mem.h">
      <Filter>src\public\tier0</Filter>
    </ClInclude>
    <ClInclude Include="..\public\tier0\memalloc.h">
      <Filter>src\public\tier0</Filter>
    </ClInclude>
    <ClInclude Include="..\public\tier0\memdbgoff.h">
      <Filter>src\public\tier0</Filter>
    </ClInclude>
    <ClInclude Include="..\public\tier0\memdbgon.h">
      <Filter>src\public\tier0</Filter>
    </ClInclude>
    <ClInclude Include="..\public\tier0\minidump.h">
      <Filter>src\public\tier0</Filter>
    </ClInclude>
    <ClInclude Include="..\public\tier0\MinMax.h">
      <Filter>src\public\tier0</Filter>
    </ClInclude>
    <ClInclude Include="..\public\tier0\p4performancecounters.h">
      <Filter>src\public\tier0</Filter>
    </ClInclude>
    <ClInclude Include="..\public\tier0\p5p6performancecounters.h">
      <Filter>src\public\tier0</Filter>
    </ClInclude>
    <ClInclude Include="..\public\tier0\platform.h">
      <Filter>src\public\tier0</Filter>
    </ClInclude>
    <ClInclude Include="..\public\tier0\pmelib.h">
      <Filter>src\public\tier0</Filter>
    </ClInclude>
    <ClInclude Include="..\public\tier0\protected_things.h">
      <Filter>src\public\tier0</Filter>
    </ClInclude>
    <ClInclude Include="..\public\tier0\testthread.h">
      <Filter>src\public\tier0</Filter>
    </ClInclude>
    <ClInclude Include="..\public\tier0\threadtools.h">
      <Filter>src\public\tier0</Filter>
    </ClInclude>
    <ClInclude Include="..\public\tier0\tslist.h">
      <Filter>src\public\tier0</Filter>
    </ClInclude>
    <ClInclude Include="..\public\tier0\validator.h">
      <Filter>src\public\tier0</Filter>
    </ClInclude>
    <ClInclude Include="..\public\tier0\valobject.h">
      <Filter>src\public\tier0</Filter>
    </ClInclude>
    <ClInclude Include="..\public\tier0\valve_off.h">
      <Filter>src\public\tier0</Filter>
    </ClInclude>
    <ClInclude Include="..\public\tier0\valve_on.h">
      <Filter>src\public\tier0</Filter>
    </ClInclude>
    <ClInclude Include="..\public\tier0\vcrmode.h">
      <Filter>src\public\tier0</Filter>
    </ClInclude>
    <ClInclude Include="..\public\tier0\vcr_shared.h">
      <Filter>src\public\tier0</Filter>
    </ClInclude>
    <ClInclude Include="..\public\tier0\vprof.h">
      <Filter>src\public\tier0</Filter>
    </ClInclude>
    <ClInclude Include="..\public\tier0\wchartypes.h">
      <Filter>src\public\tier0</Filter>
    </ClInclude>
    <ClInclude Include="..\public\tier0\xbox_codeline_defines.h">
      <Filter>src\public\tier0</Filter>
    </ClInclude>
    <ClInclude Include="..\public\tier1\bitbuf.h">
      <Filter>src\public\tier1</Filter>
    </ClInclude>
    <ClInclude Include="..\public\tier1\byteswap.h">
      <Filter>src\public\tier1</Filter>
    </ClInclude>
    <ClInclude Include="..\public\tier1\CharacterSet.h">
      <Filter>src\public\tier1</Filter>
    </ClInclude>
    <ClInclude Include="..\public\tier1\checksum_crc.h">
      <Filter>src\public\tier1</Filter>
    </ClInclude>
    <ClInclude Include="..\public\tier1\checksum_md5.h">
      <Filter>src\public\tier1</Filter>
    </ClInclude>
    <ClInclude Include="..\public\tier1\ConVar.h">
      <Filter>src\public\tier1</Filter>
    </ClInclude>
    <ClInclude Include="..\public\tier1\DataManager.h">
      <Filter>src\public\tier1</Filter>
    </ClInclude>
    <ClInclude Include="..\public\tier1\Diff.h">
      <Filter>src\public\tier1</Filter>
    </ClInclude>
    <ClInclude Include="..\public\tier1\FmtStr.h">
      <Filter>src\public\tier1</Filter>
    </ClInclude>
    <ClInclude Include="..\public\tier1\generichash.h">
      <Filter>src\public\tier1</Filter>
    </ClInclude>
    <ClInclude Include="..\public\tier1\interface.h">
      <Filter>src\public\tier1</Filter>
    </ClInclude>
    <ClInclude Include="..\public\tier1\JobThread.h">
      <Filter>src\public\tier1</Filter>
    </ClInclude>
    <ClInclude Include="..\public\tier1\KeyValues.h">
      <Filter>src\public\tier1</Filter>
    </ClInclude>
    <ClInclude Include="..\public\tier1\MemPool.h">
      <Filter>src\public\tier1</Filter>
    </ClInclude>
    <ClInclude Include="..\public\tier1\MemStack.h">
      <Filter>src\public\tier1</Filter>
    </ClInclude>
    <ClInclude Include="..\public\tier1\netadr.h">
      <Filter>src\public\tier1</Filter>
    </ClInclude>
    <ClInclude Include="..\public\tier1\processor_detect.h">
      <Filter>src\public\tier1</Filter>
    </ClInclude>
    <ClInclude Include="..\public\tier1\RangeCheckedVar.h">
      <Filter>src\public\tier1</Filter>
    </ClInclude>
    <ClInclude Include="..\public\tier1\RefCount.h">
      <Filter>src\public\tier1</Filter>
    </ClInclude>
    <ClInclude Include="..\public\tier1\SmartPtr.h">
      <Filter>src\public\tier1</Filter>
    </ClInclude>
    <ClInclude Include="..\public\tier1\StringPool.h">
      <Filter>src\public\tier1</Filter>
    </ClInclude>
    <ClInclude Include="..\public\tier1\strtools.h">
      <Filter>src\public\tier1</Filter>
    </ClInclude>
    <ClInclude Include="..\public\tier1\tier1.h">
      <Filter>src\public\tier1</Filter>
    </ClInclude>
    <ClInclude Include="..\public\tier1\TokenReader.h">
      <Filter>src\public\tier1</Filter>
    </ClInclude>
    <ClInclude Include="..\public\tier1\UtlBidirectionalSet.h">
      <Filter>src\public\tier1</Filter>
    </ClInclude>
    <ClInclude Include="..\public\tier1\UtlBuffer.h">
      <Filter>src\public\tier1</Filter>
    </ClInclude>
    <ClInclude Include="..\public\tier1\UtlDict.h">
      <Filter>src\public\tier1</Filter>
    </ClInclude>
    <ClInclude Include="..\public\tier1\UtlFixedLinkedList.h">
      <Filter>src\public\tier1</Filter>
    </ClInclude>
    <ClInclude Include="..\public\tier1\UtlFixedMemory.h">
      <Filter>src\public\tier1</Filter>
    </ClInclude>
    <ClInclude Include="..\public\tier1\UtlFlags.h">
      <Filter>src\public\tier1</Filter>
    </ClInclude>
    <ClInclude Include="..\public\tier1\UtlHandleTable.h">
      <Filter>src\public\tier1</Filter>
    </ClInclude>
    <ClInclude Include="..\public\tier1\UtlHash.h">
      <Filter>src\public\tier1</Filter>
    </ClInclude>
    <ClInclude Include="..\public\tier1\UtlLinkedList.h">
      <Filter>src\public\tier1</Filter>
    </ClInclude>
    <ClInclude Include="..\public\tier1\UtlMap.h">
      <Filter>src\public\tier1</Filter>
    </ClInclude>
    <ClInclude Include="..\public\tier1\UtlMemory.h">
      <Filter>src\public\tier1</Filter>
    </ClInclude>
    <ClInclude Include="..\public\tier1\UtlMultiList.h">
      <Filter>src\public\tier1</Filter>
    </ClInclude>
    <ClInclude Include="..\public\tier1\UtlNTree.h">
      <Filter>src\public\tier1</Filter>
    </ClInclude>
    <ClInclude Include="..\public\tier1\UtlPriorityQueue.h">
      <Filter>src\public\tier1</Filter>
    </ClInclude>
    <ClInclude Include="..\public\tier1\UtlQueue.h">
      <Filter>src\public\tier1</Filter>
    </ClInclude>
    <ClInclude Include="..\public\tier1\UtlRBTree.h">
      <Filter>src\public\tier1</Filter>
    </ClInclude>
    <ClInclude Include="..\public\tier1\UtlSortVector.h">
      <Filter>src\public\tier1</Filter>
    </ClInclude>
    <ClInclude Include="..\public\tier1\UtlStack.h">
      <Filter>src\public\tier1</Filter>
    </ClInclude>
    <ClInclude Include="..\public\tier1\UtlString.h">
      <Filter>src\public\tier1</Filter>
    </ClInclude>
    <ClInclude Include="..\public\tier1\UtlStringMap.h">
      <Filter>src\public\tier1</Filter>
    </ClInclude>
    <ClInclude Include="..\public\tier1\UtlSymbol.h">
      <Filter>src\public\tier1</Filter>
    </ClInclude>
    <ClInclude Include="..\public\tier1\UtlVector.h">
      <Filter>src\public\tier1</Filter>
    </ClInclude>
    <ClInclude Include="..\public\vgui\Cursor.h">
      <Filter>src\public\vgui</Filter>
    </ClInclude>
    <ClInclude Include="..\public\vgui\Dar.h">
      <Filter>src\public\vgui</Filter>
    </ClInclude>
    <ClInclude Include="..\public\vgui\IBorder.h">
      <Filter>src\public\vgui</Filter>
    </ClInclude>
    <ClInclude Include="..\public\vgui\IClientPanel.h">
      <Filter>src\public\vgui</Filter>
    </ClInclude>
    <ClInclude Include="..\public\vgui\IHTML.h">
      <Filter>src\public\vgui</Filter>
    </ClInclude>
    <ClInclude Include="..\public\vgui\IImage.h">
      <Filter>src\public\vgui</Filter>
    </ClInclude>
    <ClInclude Include="..\public\vgui\IInput.h">
      <Filter>src\public\vgui</Filter>
    </ClInclude>
    <ClInclude Include="..\public\vgui\IInputInternal.h">
      <Filter>src\public\vgui</Filter>
    </ClInclude>
    <ClInclude Include="..\public\vgui\IKeyValues.h">
      <Filter>src\public\vgui</Filter>
    </ClInclude>
    <ClInclude Include="..\public\vgui\ILocalize.h">
      <Filter>src\public\vgui</Filter>
    </ClInclude>
    <ClInclude Include="..\public\vgui\IPanel.h">
      <Filter>src\public\vgui</Filter>
    </ClInclude>
    <ClInclude Include="..\public\vgui\IScheme.h">
      <Filter>src\public\vgui</Filter>
    </ClInclude>
    <ClInclude Include="..\public\vgui\ISurface.h">
      <Filter>src\public\vgui</Filter>
    </ClInclude>
    <ClInclude Include="..\public\vgui\ISurfaceV28.h">
      <Filter>src\public\vgui</Filter>
    </ClInclude>
    <ClInclude Include="..\public\vgui\ISurfaceV29.h">
      <Filter>src\public\vgui</Filter>
    </ClInclude>
    <ClInclude Include="..\public\vgui\ISystem.h">
      <Filter>src\public\vgui</Filter>
    </ClInclude>
    <ClInclude Include="..\public\vgui\IVGui.h">
      <Filter>src\public\vgui</Filter>
    </ClInclude>
    <ClInclude Include="..\public\vgui\IVguiMatInfo.h">
      <Filter>src\public\vgui</Filter>
    </ClInclude>
    <ClInclude Include="..\public\vgui\IVguiMatInfoVar.h">
      <Filter>src\public\vgui</Filter>
    </ClInclude>
    <ClInclude Include="..\public\vgui\IVguiV06.h">
      <Filter>src\public\vgui</Filter>
    </ClInclude>
    <ClInclude Include="..\public\vgui\KeyCode.h">
      <Filter>src\public\vgui</Filter>
    </ClInclude>
    <ClInclude Include="..\public\vgui\MouseCode.h">
      <Filter>src\public\vgui</Filter>
    </ClInclude>
    <ClInclude Include="..\public\vgui\Point.h">
      <Filter>src\public\vgui</Filter>
    </ClInclude>
    <ClInclude Include="..\public\vgui\VGUI2.h">
      <Filter>src\public\vgui</Filter>
    </ClInclude>
    <ClInclude Include="..\public\vgui_controls\AnimatingImagePanel.h">
      <Filter>src\public\vgui_controls</Filter>
    </ClInclude>
    <ClInclude Include="..\public\vgui_controls\AnimationController.h">
      <Filter>src\public\vgui_controls</Filter>
    </ClInclude>
    <ClInclude Include="..\public\vgui_controls\BitmapImagePanel.h">
      <Filter>src\public\vgui_controls</Filter>
    </ClInclude>
    <ClInclude Include="..\public\vgui_controls\BuildGroup.h">
      <Filter>src\public\vgui_controls</Filter>
    </ClInclude>
    <ClInclude Include="..\public\vgui_controls\BuildModeDialog.h">
      <Filter>src\public\vgui_controls</Filter>
    </ClInclude>
    <ClInclude Include="..\public\vgui_controls\Button.h">
      <Filter>src\public\vgui_controls</Filter>
    </ClInclude>
    <ClInclude Include="..\public\vgui_controls\CheckButton.h">
      <Filter>src\public\vgui_controls</Filter>
    </ClInclude>
    <ClInclude Include="..\public\vgui_controls\CheckButtonList.h">
      <Filter>src\public\vgui_controls</Filter>
    </ClInclude>
    <ClInclude Include="..\public\vgui_controls\ComboBox.h">
      <Filter>src\public\vgui_controls</Filter>
    </ClInclude>
    <ClInclude Include="..\public\vgui_controls\Controls.h">
      <Filter>src\public\vgui_controls</Filter>
    </ClInclude>
    <ClInclude Include="..\public\vgui_controls\DialogManager.h">
      <Filter>src\public\vgui_controls</Filter>
    </ClInclude>
    <ClInclude Include="..\public\vgui_controls\DirectorySelectDialog.h">
      <Filter>src\public\vgui_controls</Filter>
    </ClInclude>
    <ClInclude Include="..\public\vgui_controls\Divider.h">
      <Filter>src\public\vgui_controls</Filter>
    </ClInclude>
    <ClInclude Include="..\public\vgui_controls\EditablePanel.h">
      <Filter>src\public\vgui_controls</Filter>
    </ClInclude>
    <ClInclude Include="..\public\vgui_controls\ExpandButton.h">
      <Filter>src\public\vgui_controls</Filter>
    </ClInclude>
    <ClInclude Include="..\public\vgui_controls\FileOpenDialog.h">
      <Filter>src\public\vgui_controls</Filter>
    </ClInclude>
    <ClInclude Include="..\public\vgui_controls\FocusNavGroup.h">
      <Filter>src\public\vgui_controls</Filter>
    </ClInclude>
    <ClInclude Include="..\public\vgui_controls\Frame.h">
      <Filter>src\public\vgui_controls</Filter>
    </ClInclude>
    <ClInclude Include="..\public\vgui_controls\GraphPanel.h">
      <Filter>src\public\vgui_controls</Filter>
    </ClInclude>
    <ClInclude Include="..\public\vgui_controls\HTML.h">
      <Filter>src\public\vgui_controls</Filter>
    </ClInclude>
    <ClInclude Include="..\public\vgui_controls\Image.h">
      <Filter>src\public\vgui_controls</Filter>
    </ClInclude>
    <ClInclude Include="..\public\vgui_controls\ImageList.h">
      <Filter>src\public\vgui_controls</Filter>
    </ClInclude>
    <ClInclude Include="..\public\vgui_controls\ImagePanel.h">
      <Filter>src\public\vgui_controls</Filter>
    </ClInclude>
    <ClInclude Include="..\public\vgui_controls\InputDialog.h">
      <Filter>src\public\vgui_controls</Filter>
    </ClInclude>
    <ClInclude Include="..\public\vgui_controls\KeyBindingHelpDialog.h">
      <Filter>src\public\vgui_controls</Filter>
    </ClInclude>
    <ClInclude Include="..\public\vgui_controls\KeyBindingMap.h">
      <Filter>src\public\vgui_controls</Filter>
    </ClInclude>
    <ClInclude Include="..\public\vgui_controls\KeyBoardEditorDialog.h">
      <Filter>src\public\vgui_controls</Filter>
    </ClInclude>
    <ClInclude Include="..\public\vgui_controls\Label.h">
      <Filter>src\public\vgui_controls</Filter>
    </ClInclude>
    <ClInclude Include="..\public\vgui_controls\ListPanel.h">
      <Filter>src\public\vgui_controls</Filter>
    </ClInclude>
    <ClInclude Include="..\public\vgui_controls\ListViewPanel.h">
      <Filter>src\public\vgui_controls</Filter>
    </ClInclude>
    <ClInclude Include="..\public\vgui_controls\MenuBar.h">
      <Filter>src\public\vgui_controls</Filter>
    </ClInclude>
    <ClInclude Include="..\public\vgui_controls\MenuButton.h">
      <Filter>src\public\vgui_controls</Filter>
    </ClInclude>
    <ClInclude Include="..\public\vgui_controls\Menu.h">
      <Filter>src\public\vgui_controls</Filter>
    </ClInclude>
    <ClInclude Include="..\public\vgui_controls\MenuItem.h">
      <Filter>src\public\vgui_controls</Filter>
    </ClInclude>
    <ClInclude Include="..\public\vgui_controls\MessageBox.h">
      <Filter>src\public\vgui_controls</Filter>
    </ClInclude>
    <ClInclude Include="..\public\vgui_controls\MessageMap.h">
      <Filter>src\public\vgui_controls</Filter>
    </ClInclude>
    <ClInclude Include="..\public\vgui_controls\PanelAnimationVar.h">
      <Filter>src\public\vgui_controls</Filter>
    </ClInclude>
    <ClInclude Include="..\public\vgui_controls\Panel.h">
      <Filter>src\public\vgui_controls</Filter>
    </ClInclude>
    <ClInclude Include="..\public\vgui_controls\PanelListPanel.h">
      <Filter>src\public\vgui_controls</Filter>
    </ClInclude>
    <ClInclude Include="..\public\vgui_controls\pch_vgui_controls.h">
      <Filter>src\public\vgui_controls</Filter>
    </ClInclude>
    <ClInclude Include="..\public\vgui_controls\PHandle.h">
      <Filter>src\public\vgui_controls</Filter>
    </ClInclude>
    <ClInclude Include="..\public\vgui_controls\ProgressBar.h">
      <Filter>src\public\vgui_controls</Filter>
    </ClInclude>
    <ClInclude Include="..\public\vgui_controls\ProgressBox.h">
      <Filter>src\public\vgui_controls</Filter>
    </ClInclude>
    <ClInclude Include="..\public\vgui_controls\PropertyDialog.h">
      <Filter>src\public\vgui_controls</Filter>
    </ClInclude>
    <ClInclude Include="..\public\vgui_controls\PropertyPage.h">
      <Filter>src\public\vgui_controls</Filter>
    </ClInclude>
    <ClInclude Include="..\public\vgui_controls\PropertySheet.h">
      <Filter>src\public\vgui_controls</Filter>
    </ClInclude>
    <ClInclude Include="..\public\vgui_controls\QueryBox.h">
      <Filter>src\public\vgui_controls</Filter>
    </ClInclude>
    <ClInclude Include="..\public\vgui_controls\RadioButton.h">
      <Filter>src\public\vgui_controls</Filter>
    </ClInclude>
    <ClInclude Include="..\public\vgui_controls\RichText.h">
      <Filter>src\public\vgui_controls</Filter>
    </ClInclude>
    <ClInclude Include="..\public\vgui_controls\ScrollBar.h">
      <Filter>src\public\vgui_controls</Filter>
    </ClInclude>
    <ClInclude Include="..\public\vgui_controls\ScrollBarSlider.h">
      <Filter>src\public\vgui_controls</Filter>
    </ClInclude>
    <ClInclude Include="..\public\vgui_controls\SectionedListPanel.h">
      <Filter>src\public\vgui_controls</Filter>
    </ClInclude>
    <ClInclude Include="..\public\vgui_controls\Slider.h">
      <Filter>src\public\vgui_controls</Filter>
    </ClInclude>
    <ClInclude Include="..\public\vgui_controls\Splitter.h">
      <Filter>src\public\vgui_controls</Filter>
    </ClInclude>
    <ClInclude Include="..\public\vgui_controls\TextEntry.h">
      <Filter>src\public\vgui_controls</Filter>
    </ClInclude>
    <ClInclude Include="..\public\vgui_controls\TextImage.h">
      <Filter>src\public\vgui_controls</Filter>
    </ClInclude>
    <ClInclude Include="..\public\vgui_controls\ToggleButton.h">
      <Filter>src\public\vgui_controls</Filter>
    </ClInclude>
    <ClInclude Include="..\public\vgui_controls\Tooltip.h">
      <Filter>src\public\vgui_controls</Filter>
    </ClInclude>
    <ClInclude Include="..\public\vgui_controls\ToolWindow.h">
      <Filter>src\public\vgui_controls</Filter>
    </ClInclude>
    <ClInclude Include="..\public\vgui_controls\TreeView.h">
      <Filter>src\public\vgui_controls</Filter>
    </ClInclude>
    <ClInclude Include="..\public\vgui_controls\TreeViewListControl.h">
      <Filter>src\public\vgui_controls</Filter>
    </ClInclude>
    <ClInclude Include="..\public\vgui_controls\URLLabel.h">
      <Filter>src\public\vgui_controls</Filter>
    </ClInclude>
    <ClInclude Include="..\public\vgui_controls\WizardPanel.h">
      <Filter>src\public\vgui_controls</Filter>
    </ClInclude>
    <ClInclude Include="..\public\vgui_controls\WizardSubPanel.h">
      <Filter>src\public\vgui_controls</Filter>
    </ClInclude>
    <ClInclude Include="..\public\vstdlib\cvar.h">
      <Filter>src\public\vstdlib</Filter>
    </ClInclude>
    <ClInclude Include="..\public\vstdlib\ICommandline.h">
      <Filter>src\public\vstdlib</Filter>
    </ClInclude>
    <ClInclude Include="..\public\vstdlib\IKeyValuesSystem.h">
      <Filter>src\public\vstdlib</Filter>
    </ClInclude>
    <ClInclude Include="..\public\vstdlib\pch_vstdlib.h">
      <Filter>src\public\vstdlib</Filter>
    </ClInclude>
    <ClInclude Include="..\public\vstdlib\random.h">
      <Filter>src\public\vstdlib</Filter>
    </ClInclude>
    <ClInclude Include="..\public\vstdlib\strtools.h">
      <Filter>src\public\vstdlib</Filter>
    </ClInclude>
    <ClInclude Include="..\public\vstdlib\vstdlib.h">
      <Filter>src\public\vstdlib</Filter>
    </ClInclude>
  </ItemGroup>
  <ItemGroup>
    <Filter Include="CMake Rules">
      <UniqueIdentifier>{70540A7A-8555-3802-BAB6-CAD46A76733D}</UniqueIdentifier>
    </Filter>
    <Filter Include="src">
      <UniqueIdentifier>{338EFFC7-A68A-3560-B5F2-98BC8E01BBA3}</UniqueIdentifier>
    </Filter>
    <Filter Include="src\GameUI">
      <UniqueIdentifier>{CB449989-E1A9-30AD-9B6C-2CF2ABB5074F}</UniqueIdentifier>
    </Filter>
    <Filter Include="src\common">
      <UniqueIdentifier>{32959CF9-DAD6-3DD2-9070-75426FA4BD01}</UniqueIdentifier>
    </Filter>
    <Filter Include="src\common\BaseUI">
      <UniqueIdentifier>{2DD83E7D-A5B9-3E25-B7D5-047C10275B75}</UniqueIdentifier>
    </Filter>
    <Filter Include="src\common\GameUI">
      <UniqueIdentifier>{F6D73BFE-4773-3AFD-8C2F-6D5BC89A58B4}</UniqueIdentifier>
    </Filter>
    <Filter Include="src\common\ServerBrowser">
      <UniqueIdentifier>{9CEF56A0-4078-3C88-97D0-E229E6F86B31}</UniqueIdentifier>
    </Filter>
    <Filter Include="src\common\xbox">
      <UniqueIdentifier>{8212A9EE-C6B2-3ABD-B608-E53D7F628FC4}</UniqueIdentifier>
    </Filter>
    <Filter Include="src\cstrike">
      <UniqueIdentifier>{F852EA0E-07FC-3C7A-BE01-49FF30A4A23D}</UniqueIdentifier>
    </Filter>
    <Filter Include="src\cstrike\dlls">
      <UniqueIdentifier>{A9C4F2F5-2118-3638-977E-0FECF0243724}</UniqueIdentifier>
    </Filter>
    <Filter Include="src\game_shared">
      <UniqueIdentifier>{D97171CC-5805-3AE2-8CBB-857231A00F6C}</UniqueIdentifier>
    </Filter>
    <Filter Include="src\game_shared\bot">
      <UniqueIdentifier>{CC915FEE-636C-3280-81A5-3A91E5762031}</UniqueIdentifier>
    </Filter>
    <Filter Include="src\public">
      <UniqueIdentifier>{65120EF3-80B2-336A-A2C2-BE8BED90CF29}</UniqueIdentifier>
    </Filter>
    <Filter Include="src\public\appframework">
      <UniqueIdentifier>{02E5541C-F989-3B6B-9DE9-2E9E41520F0F}</UniqueIdentifier>
    </Filter>
    <Filter Include="src\public\bitmap">
      <UniqueIdentifier>{41E99ACC-6FD8-36CB-96AB-198EE2055A11}</UniqueIdentifier>
    </Filter>
    <Filter Include="src\public\html">
      <UniqueIdentifier>{89874252-7B17-31FF-86A5-C2924D409217}</UniqueIdentifier>
    </Filter>
    <Filter Include="src\public\mathlib">
      <UniqueIdentifier>{C0280008-8F57-3101-9137-D4FB7D05AA9E}</UniqueIdentifier>
    </Filter>
    <Filter Include="src\public\steam">
      <UniqueIdentifier>{F27B4861-4A47-3EE4-A7A0-A7D038B6E68E}</UniqueIdentifier>
    </Filter>
    <Filter Include="src\public\steam\friends">
      <UniqueIdentifier>{56F49422-CCC8-310C-AD71-E0A58CE38558}</UniqueIdentifier>
    </Filter>
    <Filter Include="src\public\tier0">
      <UniqueIdentifier>{7643F97F-49C5-38E0-9FFC-4CC86DA1F73B}</UniqueIdentifier>
    </Filter>
    <Filter Include="src\public\tier1">
      <UniqueIdentifier>{6BDDC6DF-4231-3ABF-843F-442F21A2D1A3}</UniqueIdentifier>
    </Filter>
    <Filter Include="src\public\vgui">
      <UniqueIdentifier>{767D2526-D3E8-37F8-B6BA-5F1FB5D7898F}</UniqueIdentifier>
    </Filter>
    <Filter Include="src\public\vgui_controls">
      <UniqueIdentifier>{626BD486-8D31-3D04-B774-3AB35AC7E61F}</UniqueIdentifier>
    </Filter>
    <Filter Include="src\public\vstdlib">
      <UniqueIdentifier>{C234449B-12F2-33DB-9EE8-20FD8C702836}</UniqueIdentifier>
    </Filter>
  </ItemGroup>
</Project>
