<?xml version="1.0" encoding="utf-8"?>
<Project ToolsVersion="4.0" xmlns="http://schemas.microsoft.com/developer/msbuild/2003">
  <ItemGroup>
    <Filter Include="Исходные файлы">
      <UniqueIdentifier>{4FC737F1-C7A5-4376-A066-2A32D752A2FF}</UniqueIdentifier>
      <Extensions>cpp;c;cc;cxx;c++;cppm;ixx;def;odl;idl;hpj;bat;asm;asmx</Extensions>
    </Filter>
    <Filter Include="Файлы заголовков">
      <UniqueIdentifier>{93995380-89BD-4b04-88EB-625FBE52EBFB}</UniqueIdentifier>
      <Extensions>h;hh;hpp;hxx;h++;hm;inl;inc;ipp;xsd</Extensions>
    </Filter>
    <Filter Include="Файлы ресурсов">
      <UniqueIdentifier>{67DA6AB6-F800-4c08-8B7A-83BB121AAD01}</UniqueIdentifier>
      <Extensions>rc;ico;cur;bmp;dlg;rc2;rct;bin;rgs;gif;jpg;jpeg;jpe;resx;tiff;tif;png;wav;mfcribbon-ms</Extensions>
    </Filter>
    <Filter Include="Исходные файлы\vgui2">
      <UniqueIdentifier>{bf0031d7-7edb-4e3c-84fe-a4ac8739d542}</UniqueIdentifier>
    </Filter>
  </ItemGroup>
  <ItemGroup>
    <ClCompile Include="engine\vgui_EngineSurfaceWin32.cpp">
      <Filter>Исходные файлы</Filter>
    </ClCompile>
    <ClCompile Include="engine\vgui2\BaseUI_Interface.cpp">
      <Filter>Исходные файлы\vgui2</Filter>
    </ClCompile>
    <ClCompile Include="engine\vgui2\BaseUISurface.cpp">
      <Filter>Исходные файлы\vgui2</Filter>
    </ClCompile>
    <ClCompile Include="engine\vgui2\FontTextureCache.cpp">
      <Filter>Исходные файлы\vgui2</Filter>
    </ClCompile>
    <ClCompile Include="engine\vgui2\text_draw.cpp">
      <Filter>Исходные файлы\vgui2</Filter>
    </ClCompile>
    <ClCompile Include="engine\buildnum.cpp">
      <Filter>Исходные файлы</Filter>
    </ClCompile>
    <ClCompile Include="engine\cdll_exp.cpp">
      <Filter>Исходные файлы</Filter>
    </ClCompile>
    <ClCompile Include="engine\cdll_int.cpp">
      <Filter>Исходные файлы</Filter>
    </ClCompile>
    <ClCompile Include="engine\chase.cpp">
      <Filter>Исходные файлы</Filter>
    </ClCompile>
    <ClCompile Include="engine\cl_demo.cpp">
      <Filter>Исходные файлы</Filter>
    </ClCompile>
    <ClCompile Include="engine\cl_draw.cpp">
      <Filter>Исходные файлы</Filter>
    </ClCompile>
    <ClCompile Include="engine\cl_ents.cpp">
      <Filter>Исходные файлы</Filter>
    </ClCompile>
    <ClCompile Include="engine\cl_main.cpp">
      <Filter>Исходные файлы</Filter>
    </ClCompile>
    <ClCompile Include="engine\cl_parse.cpp">
      <Filter>Исходные файлы</Filter>
    </ClCompile>
    <ClCompile Include="engine\cl_parsefn.cpp">
      <Filter>Исходные файлы</Filter>
    </ClCompile>
    <ClCompile Include="engine\cl_pmove.cpp">
      <Filter>Исходные файлы</Filter>
    </ClCompile>
    <ClCompile Include="engine\cl_pred.cpp">
      <Filter>Исходные файлы</Filter>
    </ClCompile>
    <ClCompile Include="engine\cl_spectator.cpp">
      <Filter>Исходные файлы</Filter>
    </ClCompile>
    <ClCompile Include="engine\cl_tent.cpp">
      <Filter>Исходные файлы</Filter>
    </ClCompile>
    <ClCompile Include="engine\cmd.cpp">
      <Filter>Исходные файлы</Filter>
    </ClCompile>
    <ClCompile Include="engine\cmodel.cpp">
      <Filter>Исходные файлы</Filter>
    </ClCompile>
    <ClCompile Include="engine\com_custom.cpp">
      <Filter>Исходные файлы</Filter>
    </ClCompile>
    <ClCompile Include="engine\common.cpp">
      <Filter>Исходные файлы</Filter>
    </ClCompile>
    <ClCompile Include="engine\console.cpp">
      <Filter>Исходные файлы</Filter>
    </ClCompile>
    <ClCompile Include="engine\crc.cpp">
      <Filter>Исходные файлы</Filter>
    </ClCompile>
    <ClCompile Include="engine\cvar.cpp">
      <Filter>Исходные файлы</Filter>
    </ClCompile>
    <ClCompile Include="engine\decals.cpp">
      <Filter>Исходные файлы</Filter>
    </ClCompile>
    <ClCompile Include="engine\delta.cpp">
      <Filter>Исходные файлы</Filter>
    </ClCompile>
    <ClCompile Include="engine\DemoPlayerWrapper.cpp">
      <Filter>Исходные файлы</Filter>
    </ClCompile>
    <ClCompile Include="engine\eventapi.cpp">
      <Filter>Исходные файлы</Filter>
    </ClCompile>
    <ClCompile Include="engine\filesystem.cpp">
      <Filter>Исходные файлы</Filter>
    </ClCompile>
    <ClCompile Include="engine\filesystem_internal.cpp">
      <Filter>Исходные файлы</Filter>
    </ClCompile>
    <ClCompile Include="engine\hashpak.cpp">
      <Filter>Исходные файлы</Filter>
    </ClCompile>
    <ClCompile Include="engine\host.cpp">
      <Filter>Исходные файлы</Filter>
    </ClCompile>
    <ClCompile Include="engine\host_cmd.cpp">
      <Filter>Исходные файлы</Filter>
    </ClCompile>
    <ClCompile Include="engine\HUD.cpp">
      <Filter>Исходные файлы</Filter>
    </ClCompile>
    <ClCompile Include="engine\info.cpp">
      <Filter>Исходные файлы</Filter>
    </ClCompile>
    <ClCompile Include="engine\ipratelimit.cpp">
      <Filter>Исходные файлы</Filter>
    </ClCompile>
    <ClCompile Include="engine\ipratelimitWrapper.cpp">
      <Filter>Исходные файлы</Filter>
    </ClCompile>
    <ClCompile Include="engine\keys.cpp">
      <Filter>Исходные файлы</Filter>
    </ClCompile>
    <ClCompile Include="engine\LoadBlob.cpp">
      <Filter>Исходные файлы</Filter>
    </ClCompile>
    <ClCompile Include="engine\mathlib.cpp">
      <Filter>Исходные файлы</Filter>
    </ClCompile>
    <ClCompile Include="engine\mem.cpp">
      <Filter>Исходные файлы</Filter>
    </ClCompile>
    <ClCompile Include="engine\module.cpp">
      <Filter>Исходные файлы</Filter>
    </ClCompile>
    <ClCompile Include="engine\net_api.cpp">
      <Filter>Исходные файлы</Filter>
    </ClCompile>
    <ClCompile Include="engine\net_chan.cpp">
      <Filter>Исходные файлы</Filter>
    </ClCompile>
    <ClCompile Include="engine\net_ws.cpp">
      <Filter>Исходные файлы</Filter>
    </ClCompile>
    <ClCompile Include="engine\pmove.cpp">
      <Filter>Исходные файлы</Filter>
    </ClCompile>
    <ClCompile Include="engine\pmovetst.cpp">
      <Filter>Исходные файлы</Filter>
    </ClCompile>
    <ClCompile Include="engine\pr_cmds.cpp">
      <Filter>Исходные файлы</Filter>
    </ClCompile>
    <ClCompile Include="engine\pr_edict.cpp">
      <Filter>Исходные файлы</Filter>
    </ClCompile>
    <ClCompile Include="engine\r_efx.cpp">
      <Filter>Исходные файлы</Filter>
    </ClCompile>
    <ClCompile Include="engine\r_part.cpp">
      <Filter>Исходные файлы</Filter>
    </ClCompile>
    <ClCompile Include="engine\r_studio.cpp">
      <Filter>Исходные файлы</Filter>
    </ClCompile>
    <ClCompile Include="engine\r_sky.cpp">
      <Filter>Исходные файлы</Filter>
    </ClCompile>
    <ClCompile Include="engine\r_triangle.cpp">
      <Filter>Исходные файлы</Filter>
    </ClCompile>
    <ClCompile Include="engine\sequence.cpp">
      <Filter>Исходные файлы</Filter>
    </ClCompile>
    <ClCompile Include="engine\snd_dma.cpp">
      <Filter>Исходные файлы</Filter>
    </ClCompile>
    <ClCompile Include="engine\snd_mix.cpp">
      <Filter>Исходные файлы</Filter>
    </ClCompile>
    <ClCompile Include="engine\snd_sdl.cpp">
      <Filter>Исходные файлы</Filter>
    </ClCompile>
    <ClCompile Include="engine\sv_log.cpp">
      <Filter>Исходные файлы</Filter>
    </ClCompile>
    <ClCompile Include="engine\sv_main.cpp">
      <Filter>Исходные файлы</Filter>
    </ClCompile>
    <ClCompile Include="engine\sv_phys.cpp">
      <Filter>Исходные файлы</Filter>
    </ClCompile>
    <ClCompile Include="engine\sv_secure.cpp">
      <Filter>Исходные файлы</Filter>
    </ClCompile>
    <ClCompile Include="engine\sv_steam3.cpp">
      <Filter>Исходные файлы</Filter>
    </ClCompile>
    <ClCompile Include="engine\sv_upld.cpp">
      <Filter>Исходные файлы</Filter>
    </ClCompile>
    <ClCompile Include="engine\sys_dll.cpp">
      <Filter>Исходные файлы</Filter>
    </ClCompile>
    <ClCompile Include="engine\sys_dll2.cpp">
      <Filter>Исходные файлы</Filter>
    </ClCompile>
    <ClCompile Include="engine\sys_engine.cpp">
      <Filter>Исходные файлы</Filter>
    </ClCompile>
    <ClCompile Include="engine\sys_getmodes.cpp">
      <Filter>Исходные файлы</Filter>
    </ClCompile>
    <ClCompile Include="engine\SystemWrapper.cpp">
      <Filter>Исходные файлы</Filter>
    </ClCompile>
    <ClCompile Include="engine\textures.cpp">
      <Filter>Исходные файлы</Filter>
    </ClCompile>
    <ClCompile Include="engine\tmessage.cpp">
      <Filter>Исходные файлы</Filter>
    </ClCompile>
    <ClCompile Include="engine\traceinit.cpp">
      <Filter>Исходные файлы</Filter>
    </ClCompile>
    <ClCompile Include="engine\VGUI_EngineSurfaceWrap.cpp">
      <Filter>Исходные файлы</Filter>
    </ClCompile>
    <ClCompile Include="engine\vgui_EngineSurface.cpp">
      <Filter>Исходные файлы</Filter>
    </ClCompile>
    <ClCompile Include="engine\vgui_int.cpp">
      <Filter>Исходные файлы</Filter>
    </ClCompile>
    <ClCompile Include="engine\vgui_intwrap.cpp">
      <Filter>Исходные файлы</Filter>
    </ClCompile>
    <ClCompile Include="engine\vgui_intwrap2.cpp">
      <Filter>Исходные файлы</Filter>
    </ClCompile>
    <ClCompile Include="engine\view.cpp">
      <Filter>Исходные файлы</Filter>
    </ClCompile>
    <ClCompile Include="engine\voice.cpp">
      <Filter>Исходные файлы</Filter>
    </ClCompile>
    <ClCompile Include="engine\wad.cpp">
      <Filter>Исходные файлы</Filter>
    </ClCompile>
    <ClCompile Include="engine\world.cpp">
      <Filter>Исходные файлы</Filter>
    </ClCompile>
    <ClCompile Include="engine\zone.cpp">
      <Filter>Исходные файлы</Filter>
    </ClCompile>
    <ClCompile Include="engine\r_misc.cpp">
      <Filter>Исходные файлы</Filter>
    </ClCompile>
    <ClCompile Include="engine\d_init.cpp">
      <Filter>Исходные файлы</Filter>
    </ClCompile>
    <ClCompile Include="engine\r_bsp.cpp">
      <Filter>Исходные файлы</Filter>
    </ClCompile>
    <ClCompile Include="engine\r_draw.cpp">
      <Filter>Исходные файлы</Filter>
    </ClCompile>
    <ClCompile Include="engine\model.cpp">
      <Filter>Исходные файлы</Filter>
    </ClCompile>
    <ClCompile Include="engine\CircularBuffer.cpp">
      <Filter>Исходные файлы</Filter>
    </ClCompile>
    <ClCompile Include="engine\voice_gain.cpp">
      <Filter>Исходные файлы</Filter>
    </ClCompile>
    <ClCompile Include="engine\r_trans.cpp">
      <Filter>Исходные файлы</Filter>
    </ClCompile>
    <ClCompile Include="engine\r_light.cpp">
      <Filter>Исходные файлы</Filter>
    </ClCompile>
    <ClCompile Include="engine\d_scan.cpp">
      <Filter>Исходные файлы</Filter>
    </ClCompile>
    <ClCompile Include="engine\d_vars.cpp">
      <Filter>Исходные файлы</Filter>
    </ClCompile>
    <ClCompile Include="engine\r_edge.cpp">
      <Filter>Исходные файлы</Filter>
    </ClCompile>
    <ClCompile Include="engine\d_edge.cpp">
      <Filter>Исходные файлы</Filter>
    </ClCompile>
    <ClCompile Include="engine\r_efrag.cpp">
      <Filter>Исходные файлы</Filter>
    </ClCompile>
    <ClCompile Include="engine\snd_mem.cpp">
      <Filter>Исходные файлы</Filter>
    </ClCompile>
    <ClCompile Include="engine\voice_sound_engine_interface.cpp">
      <Filter>Исходные файлы</Filter>
    </ClCompile>
    <ClCompile Include="engine\dinput.cpp">
      <Filter>Исходные файлы</Filter>
    </ClCompile>
    <ClCompile Include="engine\voice_mixer_controls.cpp">
      <Filter>Исходные файлы</Filter>
    </ClCompile>
    <ClCompile Include="engine\voice_record_dsound.cpp">
      <Filter>Исходные файлы</Filter>
    </ClCompile>
    <ClCompile Include="engine\voice_record_wavein.cpp">
      <Filter>Исходные файлы</Filter>
    </ClCompile>
    <ClCompile Include="engine\voice_wavefile.cpp">
      <Filter>Исходные файлы</Filter>
    </ClCompile>
    <ClCompile Include="public\interface.cpp">
      <Filter>Исходные файлы</Filter>
    </ClCompile>
    <ClCompile Include="engine\r_surf.cpp">
      <Filter>Исходные файлы</Filter>
    </ClCompile>
    <ClCompile Include="engine\l_studio.cpp">
      <Filter>Исходные файлы</Filter>
    </ClCompile>
    <ClCompile Include="engine\r_sprite.cpp">
      <Filter>Исходные файлы</Filter>
    </ClCompile>
    <ClCompile Include="engine\cd.cpp">
      <Filter>Исходные файлы</Filter>
    </ClCompile>
    <ClCompile Include="engine\thread.cpp">
      <Filter>Исходные файлы</Filter>
    </ClCompile>
    <ClCompile Include="engine\d_sprite.cpp">
      <Filter>Исходные файлы</Filter>
    </ClCompile>
    <ClCompile Include="engine\d_polyse.cpp">
      <Filter>Исходные файлы</Filter>
    </ClCompile>
    <ClCompile Include="engine\r_alias.cpp">
      <Filter>Исходные файлы</Filter>
    </ClCompile>
    <ClCompile Include="engine\r_aclip.cpp">
      <Filter>Исходные файлы</Filter>
    </ClCompile>
    <ClCompile Include="engine\sv_remoteaccess.cpp">
      <Filter>Исходные файлы</Filter>
    </ClCompile>
    <ClCompile Include="engine\sv_user.cpp">
      <Filter>Исходные файлы</Filter>
    </ClCompile>
    <ClCompile Include="engine\sv_move.cpp">
      <Filter>Исходные файлы</Filter>
    </ClCompile>
    <ClCompile Include="engine\sv_pmove.cpp">
      <Filter>Исходные файлы</Filter>
    </ClCompile>
    <ClCompile Include="engine\sys_getmodesdd.cpp">
      <Filter>Исходные файлы</Filter>
    </ClCompile>
    <ClCompile Include="engine\bitmap_win.cpp">
      <Filter>Исходные файлы</Filter>
    </ClCompile>
    <ClCompile Include="engine\sys_sdlwind.cpp">
      <Filter>Исходные файлы</Filter>
    </ClCompile>
    <ClCompile Include="public\vgui_controls\vgui_controls.cpp">
      <Filter>Исходные файлы</Filter>
    </ClCompile>
    <ClCompile Include="public\registry.cpp">
      <Filter>Исходные файлы</Filter>
    </ClCompile>
    <ClCompile Include="common\BaseSystemModule.cpp">
      <Filter>Исходные файлы</Filter>
    </ClCompile>
    <ClCompile Include="common\ObjectList.cpp">
      <Filter>Исходные файлы</Filter>
    </ClCompile>
    <ClCompile Include="common\TokenLine.cpp">
      <Filter>Исходные файлы</Filter>
    </ClCompile>
    <ClCompile Include="public\steamid.cpp">
      <Filter>Исходные файлы</Filter>
    </ClCompile>
    <ClCompile Include="common\FilePaths.cpp">
      <Filter>Исходные файлы</Filter>
    </ClCompile>
    <ClCompile Include="engine\d_fill.cpp">
      <Filter>Исходные файлы</Filter>
    </ClCompile>
    <ClCompile Include="engine\d_modech.cpp">
      <Filter>Исходные файлы</Filter>
    </ClCompile>
    <ClCompile Include="engine\d_part.cpp">
      <Filter>Исходные файлы</Filter>
    </ClCompile>
    <ClCompile Include="engine\d_surf.cpp">
      <Filter>Исходные файлы</Filter>
    </ClCompile>
    <ClCompile Include="engine\download.cpp">
      <Filter>Исходные файлы</Filter>
    </ClCompile>
    <ClCompile Include="engine\draw.cpp">
      <Filter>Исходные файлы</Filter>
    </ClCompile>
    <ClCompile Include="engine\r_main.cpp">
      <Filter>Исходные файлы</Filter>
    </ClCompile>
    <ClCompile Include="engine\screen.cpp">
      <Filter>Исходные файлы</Filter>
    </ClCompile>
    <ClCompile Include="engine\snd_win.cpp">
      <Filter>Исходные файлы</Filter>
    </ClCompile>
    <ClCompile Include="engine\vid_win.cpp">
      <Filter>Исходные файлы</Filter>
    </ClCompile>
    <ClCompile Include="engine\cl_extrap.cpp">
      <Filter>Исходные файлы</Filter>
    </ClCompile>
    <ClCompile Include="engine\vgui2\BaseUISurface_Font.cpp">
      <Filter>Исходные файлы\vgui2</Filter>
    </ClCompile>
    <ClCompile Include="engine\glHud.cpp">
      <Filter>Исходные файлы</Filter>
    </ClCompile>
    <ClCompile Include="engine\r_vars.cpp">
      <Filter>Исходные файлы</Filter>
    </ClCompile>
    <ClCompile Include="engine\yuv2rgb.cpp">
      <Filter>Исходные файлы</Filter>
    </ClCompile>
    <ClCompile Include="public\sys_procinfo.cpp">
      <Filter>Исходные файлы</Filter>
    </ClCompile>
    <ClCompile Include="engine\pe_win32.cpp">
      <Filter>Исходные файлы</Filter>
    </ClCompile>
    <ClCompile Include="engine\webm_video.cpp">
      <Filter>Исходные файлы</Filter>
    </ClCompile>
    <ClCompile Include="engine\gl_draw.cpp">
      <Filter>Исходные файлы</Filter>
    </ClCompile>
    <ClCompile Include="engine\gl_mesh.cpp">
      <Filter>Исходные файлы</Filter>
    </ClCompile>
    <ClCompile Include="engine\gl_model.cpp">
      <Filter>Исходные файлы</Filter>
    </ClCompile>
    <ClCompile Include="engine\gl_refrag.cpp">
      <Filter>Исходные файлы</Filter>
    </ClCompile>
    <ClCompile Include="engine\gl_rlight.cpp">
      <Filter>Исходные файлы</Filter>
    </ClCompile>
    <ClCompile Include="engine\gl_rmain.cpp">
      <Filter>Исходные файлы</Filter>
    </ClCompile>
    <ClCompile Include="engine\gl_rmisc.cpp">
      <Filter>Исходные файлы</Filter>
    </ClCompile>
    <ClCompile Include="engine\gl_rsurf.cpp">
      <Filter>Исходные файлы</Filter>
    </ClCompile>
    <ClCompile Include="engine\gl_screen.cpp">
      <Filter>Исходные файлы</Filter>
    </ClCompile>
    <ClCompile Include="engine\gl_vidnt.cpp">
      <Filter>Исходные файлы</Filter>
    </ClCompile>
    <ClCompile Include="engine\gl_warp.cpp">
      <Filter>Исходные файлы</Filter>
    </ClCompile>
    <ClCompile Include="engine\glide2x.cpp">
      <Filter>Исходные файлы</Filter>
    </ClCompile>
    <ClCompile Include="engine\qgl.cpp">
      <Filter>Исходные файлы</Filter>
    </ClCompile>
    <ClCompile Include="engine\vgui_EngineSurfaceHW.cpp">
      <Filter>Исходные файлы</Filter>
    </ClCompile>
    <ClCompile Include="engine\DetailTexture.cpp">
      <Filter>Исходные файлы</Filter>
    </ClCompile>
  </ItemGroup>
  <ItemGroup>
    <ResourceCompile Include="engine\engine.rc">
      <Filter>Файлы ресурсов</Filter>
    </ResourceCompile>
  </ItemGroup>
</Project>